
Microsoft Visual Studio Solution File, Format Version 12.00
# Visual Studio Version 17
VisualStudioVersion = 17.8.34511.84
MinimumVisualStudioVersion = 10.0.40219.1
Project("{9A19103F-16F7-4668-BE54-9A1E7A4F7556}") = "TaskManager.Api", "TaskManager\TaskManager.Api.csproj", "{349FC879-4FB9-4418-9D19-A3905ECF04BE}"
EndProject
Project("{9A19103F-16F7-4668-BE54-9A1E7A4F7556}") = "TaskManager.Core", "TaskManager.Core\TaskManager.Core.csproj", "{35E04B86-5DD0-431E-9F97-3A666675F875}"
EndProject
Project("{9A19103F-16F7-4668-BE54-9A1E7A4F7556}") = "TaskManager.Infrastructure", "TaskManager.Storage\TaskManager.Infrastructure.csproj", "{588B5919-A308-415A-9304-9CBF0CC032CC}"
EndProject
Global
	GlobalSection(SolutionConfigurationPlatforms) = preSolution
		Debug|Any CPU = Debug|Any CPU
		Release|Any CPU = Release|Any CPU
	EndGlobalSection
	GlobalSection(ProjectConfigurationPlatforms) = postSolution
		{349FC879-4FB9-4418-9D19-A3905ECF04BE}.Debug|Any CPU.ActiveCfg = Debug|Any CPU
		{349FC879-4FB9-4418-9D19-A3905ECF04BE}.Debug|Any CPU.Build.0 = Debug|Any CPU
		{349FC879-4FB9-4418-9D19-A3905ECF04BE}.Release|Any CPU.ActiveCfg = Release|Any CPU
		{349FC879-4FB9-4418-9D19-A3905ECF04BE}.Release|Any CPU.Build.0 = Release|Any CPU
		{35E04B86-5DD0-431E-9F97-3A666675F875}.Debug|Any CPU.ActiveCfg = Debug|Any CPU
		{35E04B86-5DD0-431E-9F97-3A666675F875}.Debug|Any CPU.Build.0 = Debug|Any CPU
		{35E04B86-5DD0-431E-9F97-3A666675F875}.Release|Any CPU.ActiveCfg = Release|Any CPU
		{35E04B86-5DD0-431E-9F97-3A666675F875}.Release|Any CPU.Build.0 = Release|Any CPU
		{588B5919-A308-415A-9304-9CBF0CC032CC}.Debug|Any CPU.ActiveCfg = Debug|Any CPU
		{588B5919-A308-415A-9304-9CBF0CC032CC}.Debug|Any CPU.Build.0 = Debug|Any CPU
		{588B5919-A308-415A-9304-9CBF0CC032CC}.Release|Any CPU.ActiveCfg = Release|Any CPU
		{588B5919-A308-415A-9304-9CBF0CC032CC}.Release|Any CPU.Build.0 = Release|Any CPU
	EndGlobalSection
	GlobalSection(SolutionProperties) = preSolution
		HideSolutionNode = FALSE
	EndGlobalSection
	GlobalSection(ExtensibilityGlobals) = postSolution
		SolutionGuid = {8F1CB5FB-F849-406D-B3FD-4292F8305077}
	EndGlobalSection
EndGlobal
